// !$*UTF8*$!
{
	archiveVersion = 1;
	classes = {
	};
	objectVersion = 48;
	objects = {

/* Begin PBXBuildFile section */
		4681A3D81FBB84A000C0B3BD /* AppDelegate.swift in Sources */ = {isa = PBXBuildFile; fileRef = 4681A3D71FBB84A000C0B3BD /* AppDelegate.swift */; };
		4681A3DA1FBB84A000C0B3BD /* ViewController.swift in Sources */ = {isa = PBXBuildFile; fileRef = 4681A3D91FBB84A000C0B3BD /* ViewController.swift */; };
		4681A3DD1FBB84A000C0B3BD /* Main.storyboard in Resources */ = {isa = PBXBuildFile; fileRef = 4681A3DB1FBB84A000C0B3BD /* Main.storyboard */; };
		4681A3DF1FBB84A000C0B3BD /* Assets.xcassets in Resources */ = {isa = PBXBuildFile; fileRef = 4681A3DE1FBB84A000C0B3BD /* Assets.xcassets */; };
		4681A3E21FBB84A000C0B3BD /* LaunchScreen.storyboard in Resources */ = {isa = PBXBuildFile; fileRef = 4681A3E01FBB84A000C0B3BD /* LaunchScreen.storyboard */; };
		4681A3EA1FBB983100C0B3BD /* TeamupCal.framework in Frameworks */ = {isa = PBXBuildFile; fileRef = 4681A3E91FBB983100C0B3BD /* TeamupCal.framework */; };
		4681A3EB1FBB983100C0B3BD /* TeamupCal.framework in Embed Frameworks */ = {isa = PBXBuildFile; fileRef = 4681A3E91FBB983100C0B3BD /* TeamupCal.framework */; settings = {ATTRIBUTES = (CodeSignOnCopy, RemoveHeadersOnCopy, ); }; };
		4681A3F21FBB997C00C0B3BD /* credentials.plist in Resources */ = {isa = PBXBuildFile; fileRef = 4681A3F11FBB997C00C0B3BD /* credentials.plist */; };
		D0E84ACC14B66E8C3E075EF3 /* Pods_TeamupCal_Example.framework in Frameworks */ = {isa = PBXBuildFile; fileRef = C5996614064C39E4462C8F28 /* Pods_TeamupCal_Example.framework */; };
/* End PBXBuildFile section */

/* Begin PBXCopyFilesBuildPhase section */
		4681A3EC1FBB983100C0B3BD /* Embed Frameworks */ = {
			isa = PBXCopyFilesBuildPhase;
			buildActionMask = 2147483647;
			dstPath = "";
			dstSubfolderSpec = 10;
			files = (
				4681A3EB1FBB983100C0B3BD /* TeamupCal.framework in Embed Frameworks */,
			);
			name = "Embed Frameworks";
			runOnlyForDeploymentPostprocessing = 0;
		};
/* End PBXCopyFilesBuildPhase section */

/* Begin PBXFileReference section */
		3F39D369E805FA4453A60F9F /* Pods-TeamupCal-Example.debug.xcconfig */ = {isa = PBXFileReference; includeInIndex = 1; lastKnownFileType = text.xcconfig; name = "Pods-TeamupCal-Example.debug.xcconfig"; path = "../Pods/Target Support Files/Pods-TeamupCal-Example/Pods-TeamupCal-Example.debug.xcconfig"; sourceTree = "<group>"; };
		4681A3D41FBB84A000C0B3BD /* TeamupCal-Example.app */ = {isa = PBXFileReference; explicitFileType = wrapper.application; includeInIndex = 0; path = "TeamupCal-Example.app"; sourceTree = BUILT_PRODUCTS_DIR; };
		4681A3D71FBB84A000C0B3BD /* AppDelegate.swift */ = {isa = PBXFileReference; lastKnownFileType = sourcecode.swift; path = AppDelegate.swift; sourceTree = "<group>"; };
		4681A3D91FBB84A000C0B3BD /* ViewController.swift */ = {isa = PBXFileReference; lastKnownFileType = sourcecode.swift; path = ViewController.swift; sourceTree = "<group>"; };
		4681A3DC1FBB84A000C0B3BD /* Base */ = {isa = PBXFileReference; lastKnownFileType = file.storyboard; name = Base; path = Base.lproj/Main.storyboard; sourceTree = "<group>"; };
		4681A3DE1FBB84A000C0B3BD /* Assets.xcassets */ = {isa = PBXFileReference; lastKnownFileType = folder.assetcatalog; path = Assets.xcassets; sourceTree = "<group>"; };
		4681A3E11FBB84A000C0B3BD /* Base */ = {isa = PBXFileReference; lastKnownFileType = file.storyboard; name = Base; path = Base.lproj/LaunchScreen.storyboard; sourceTree = "<group>"; };
		4681A3E31FBB84A000C0B3BD /* Info.plist */ = {isa = PBXFileReference; lastKnownFileType = text.plist.xml; path = Info.plist; sourceTree = "<group>"; };
		4681A3E91FBB983100C0B3BD /* TeamupCal.framework */ = {isa = PBXFileReference; explicitFileType = wrapper.framework; path = TeamupCal.framework; sourceTree = BUILT_PRODUCTS_DIR; };
		4681A3F11FBB997C00C0B3BD /* credentials.plist */ = {isa = PBXFileReference; fileEncoding = 4; lastKnownFileType = text.plist.xml; name = credentials.plist; path = ../../credentials.plist; sourceTree = "<group>"; };
		46BDE1F11FBCBAE100B09BDA /* TeamupCal.framework */ = {isa = PBXFileReference; lastKnownFileType = wrapper.framework; name = TeamupCal.framework; path = "../../../../Library/Developer/Xcode/DerivedData/TeamupCal-btfwlnuaffvgzkdqtgxwntrbdcna/Build/Products/Debug-iphoneos/TeamupCal.framework"; sourceTree = "<group>"; };
		82A372A692603C6AFB5E9999 /* Pods-TeamupCal-Example.release.xcconfig */ = {isa = PBXFileReference; includeInIndex = 1; lastKnownFileType = text.xcconfig; name = "Pods-TeamupCal-Example.release.xcconfig"; path = "../Pods/Target Support Files/Pods-TeamupCal-Example/Pods-TeamupCal-Example.release.xcconfig"; sourceTree = "<group>"; };
		C5996614064C39E4462C8F28 /* Pods_TeamupCal_Example.framework */ = {isa = PBXFileReference; explicitFileType = wrapper.framework; includeInIndex = 0; path = Pods_TeamupCal_Example.framework; sourceTree = BUILT_PRODUCTS_DIR; };
/* End PBXFileReference section */

/* Begin PBXFrameworksBuildPhase section */
		4681A3D11FBB84A000C0B3BD /* Frameworks */ = {
			isa = PBXFrameworksBuildPhase;
			buildActionMask = 2147483647;
			files = (
				D0E84ACC14B66E8C3E075EF3 /* Pods_TeamupCal_Example.framework in Frameworks */,
				4681A3EA1FBB983100C0B3BD /* TeamupCal.framework in Frameworks */,
			);
			runOnlyForDeploymentPostprocessing = 0;
		};
/* End PBXFrameworksBuildPhase section */

/* Begin PBXGroup section */
		0533DE712069B84839FE3CC9 /* Pods */ = {
			isa = PBXGroup;
			children = (
				3F39D369E805FA4453A60F9F /* Pods-TeamupCal-Example.debug.xcconfig */,
				82A372A692603C6AFB5E9999 /* Pods-TeamupCal-Example.release.xcconfig */,
			);
			name = Pods;
			sourceTree = "<group>";
		};
		3CECECE67C73D9C43A280CC9 /* Frameworks */ = {
			isa = PBXGroup;
			children = (
				46BDE1F11FBCBAE100B09BDA /* TeamupCal.framework */,
				C5996614064C39E4462C8F28 /* Pods_TeamupCal_Example.framework */,
			);
			name = Frameworks;
			sourceTree = "<group>";
		};
		4681A3CB1FBB84A000C0B3BD = {
			isa = PBXGroup;
			children = (
				4681A3E91FBB983100C0B3BD /* TeamupCal.framework */,
				4681A3D61FBB84A000C0B3BD /* TeamupCal-Example */,
				4681A3D51FBB84A000C0B3BD /* Products */,
				0533DE712069B84839FE3CC9 /* Pods */,
				3CECECE67C73D9C43A280CC9 /* Frameworks */,
			);
			sourceTree = "<group>";
		};
		4681A3D51FBB84A000C0B3BD /* Products */ = {
			isa = PBXGroup;
			children = (
				4681A3D41FBB84A000C0B3BD /* TeamupCal-Example.app */,
			);
			name = Products;
			sourceTree = "<group>";
		};
		4681A3D61FBB84A000C0B3BD /* TeamupCal-Example */ = {
			isa = PBXGroup;
			children = (
				4681A3D71FBB84A000C0B3BD /* AppDelegate.swift */,
				4681A3D91FBB84A000C0B3BD /* ViewController.swift */,
				4681A3DB1FBB84A000C0B3BD /* Main.storyboard */,
				4681A3DE1FBB84A000C0B3BD /* Assets.xcassets */,
				4681A3E01FBB84A000C0B3BD /* LaunchScreen.storyboard */,
				4681A3E31FBB84A000C0B3BD /* Info.plist */,
				4681A3F11FBB997C00C0B3BD /* credentials.plist */,
			);
			path = "TeamupCal-Example";
			sourceTree = "<group>";
		};
/* End PBXGroup section */

/* Begin PBXNativeTarget section */
		4681A3D31FBB84A000C0B3BD /* TeamupCal-Example */ = {
			isa = PBXNativeTarget;
			buildConfigurationList = 4681A3E61FBB84A000C0B3BD /* Build configuration list for PBXNativeTarget "TeamupCal-Example" */;
			buildPhases = (
				A66F8E12950969A6001E885C /* [CP] Check Pods Manifest.lock */,
				4681A3D01FBB84A000C0B3BD /* Sources */,
				4681A3D11FBB84A000C0B3BD /* Frameworks */,
				4681A3D21FBB84A000C0B3BD /* Resources */,
				AA16206728D239F0E60C6E0C /* [CP] Embed Pods Frameworks */,
				5AA2FFCE503471ACA3ECF527 /* [CP] Copy Pods Resources */,
				4681A3EC1FBB983100C0B3BD /* Embed Frameworks */,
			);
			buildRules = (
			);
			dependencies = (
			);
			name = "TeamupCal-Example";
			productName = "TeamupCal-Example";
			productReference = 4681A3D41FBB84A000C0B3BD /* TeamupCal-Example.app */;
			productType = "com.apple.product-type.application";
		};
/* End PBXNativeTarget section */

/* Begin PBXProject section */
		4681A3CC1FBB84A000C0B3BD /* Project object */ = {
			isa = PBXProject;
			attributes = {
				LastSwiftUpdateCheck = 0910;
				LastUpgradeCheck = 0910;
				ORGANIZATIONNAME = "AMRAP Labs";
				TargetAttributes = {
					4681A3D31FBB84A000C0B3BD = {
						CreatedOnToolsVersion = 9.1;
						ProvisioningStyle = Automatic;
					};
				};
			};
			buildConfigurationList = 4681A3CF1FBB84A000C0B3BD /* Build configuration list for PBXProject "TeamupCal-Example" */;
			compatibilityVersion = "Xcode 8.0";
			developmentRegion = en;
			hasScannedForEncodings = 0;
			knownRegions = (
				en,
				Base,
			);
			mainGroup = 4681A3CB1FBB84A000C0B3BD;
			productRefGroup = 4681A3D51FBB84A000C0B3BD /* Products */;
			projectDirPath = "";
			projectRoot = "";
			targets = (
				4681A3D31FBB84A000C0B3BD /* TeamupCal-Example */,
			);
		};
/* End PBXProject section */

/* Begin PBXResourcesBuildPhase section */
		4681A3D21FBB84A000C0B3BD /* Resources */ = {
			isa = PBXResourcesBuildPhase;
			buildActionMask = 2147483647;
			files = (
				4681A3E21FBB84A000C0B3BD /* LaunchScreen.storyboard in Resources */,
				4681A3F21FBB997C00C0B3BD /* credentials.plist in Resources */,
				4681A3DF1FBB84A000C0B3BD /* Assets.xcassets in Resources */,
				4681A3DD1FBB84A000C0B3BD /* Main.storyboard in Resources */,
			);
			runOnlyForDeploymentPostprocessing = 0;
		};
/* End PBXResourcesBuildPhase section */

/* Begin PBXShellScriptBuildPhase section */
		5AA2FFCE503471ACA3ECF527 /* [CP] Copy Pods Resources */ = {
			isa = PBXShellScriptBuildPhase;
			buildActionMask = 2147483647;
			files = (
			);
			inputPaths = (
			);
			name = "[CP] Copy Pods Resources";
			outputPaths = (
			);
			runOnlyForDeploymentPostprocessing = 0;
			shellPath = /bin/sh;
			shellScript = "\"${SRCROOT}/../Pods/Target Support Files/Pods-TeamupCal-Example/Pods-TeamupCal-Example-resources.sh\"\n";
			showEnvVarsInLog = 0;
		};
		A66F8E12950969A6001E885C /* [CP] Check Pods Manifest.lock */ = {
			isa = PBXShellScriptBuildPhase;
			buildActionMask = 2147483647;
			files = (
			);
			inputPaths = (
				"${PODS_PODFILE_DIR_PATH}/Podfile.lock",
				"${PODS_ROOT}/Manifest.lock",
			);
			name = "[CP] Check Pods Manifest.lock";
			outputPaths = (
				"$(DERIVED_FILE_DIR)/Pods-TeamupCal-Example-checkManifestLockResult.txt",
			);
			runOnlyForDeploymentPostprocessing = 0;
			shellPath = /bin/sh;
			shellScript = "diff \"${PODS_PODFILE_DIR_PATH}/Podfile.lock\" \"${PODS_ROOT}/Manifest.lock\" > /dev/null\nif [ $? != 0 ] ; then\n    # print error to STDERR\n    echo \"error: The sandbox is not in sync with the Podfile.lock. Run 'pod install' or update your CocoaPods installation.\" >&2\n    exit 1\nfi\n# This output is used by Xcode 'outputs' to avoid re-running this script phase.\necho \"SUCCESS\" > \"${SCRIPT_OUTPUT_FILE_0}\"\n";
			showEnvVarsInLog = 0;
		};
		AA16206728D239F0E60C6E0C /* [CP] Embed Pods Frameworks */ = {
			isa = PBXShellScriptBuildPhase;
			buildActionMask = 2147483647;
			files = (
			);
			inputPaths = (
				"${SRCROOT}/../Pods/Target Support Files/Pods-TeamupCal-Example/Pods-TeamupCal-Example-frameworks.sh",
				"${BUILT_PRODUCTS_DIR}/Alamofire/Alamofire.framework",
				"${BUILT_PRODUCTS_DIR}/KeychainSwift/KeychainSwift.framework",
				"${BUILT_PRODUCTS_DIR}/TeamupKit/TeamupKit.framework",
			);
			name = "[CP] Embed Pods Frameworks";
			outputPaths = (
				"${TARGET_BUILD_DIR}/${FRAMEWORKS_FOLDER_PATH}/Alamofire.framework",
				"${TARGET_BUILD_DIR}/${FRAMEWORKS_FOLDER_PATH}/KeychainSwift.framework",
				"${TARGET_BUILD_DIR}/${FRAMEWORKS_FOLDER_PATH}/TeamupKit.framework",
			);
			runOnlyForDeploymentPostprocessing = 0;
			shellPath = /bin/sh;
			shellScript = "\"${SRCROOT}/../Pods/Target Support Files/Pods-TeamupCal-Example/Pods-TeamupCal-Example-frameworks.sh\"\n";
			showEnvVarsInLog = 0;
		};
/* End PBXShellScriptBuildPhase section */

/* Begin PBXSourcesBuildPhase section */
		4681A3D01FBB84A000C0B3BD /* Sources */ = {
			isa = PBXSourcesBuildPhase;
			buildActionMask = 2147483647;
			files = (
				4681A3DA1FBB84A000C0B3BD /* ViewController.swift in Sources */,
				4681A3D81FBB84A000C0B3BD /* AppDelegate.swift in Sources */,
			);
			runOnlyForDeploymentPostprocessing = 0;
		};
/* End PBXSourcesBuildPhase section */

/* Begin PBXVariantGroup section */
		4681A3DB1FBB84A000C0B3BD /* Main.storyboard */ = {
			isa = PBXVariantGroup;
			children = (
				4681A3DC1FBB84A000C0B3BD /* Base */,
			);
			name = Main.storyboard;
			sourceTree = "<group>";
		};
		4681A3E01FBB84A000C0B3BD /* LaunchScreen.storyboard */ = {
			isa = PBXVariantGroup;
			children = (
				4681A3E11FBB84A000C0B3BD /* Base */,
			);
			name = LaunchScreen.storyboard;
			sourceTree = "<group>";
		};
/* End PBXVariantGroup section */

/* Begin XCBuildConfiguration section */
		4681A3E41FBB84A000C0B3BD /* Debug */ = {
			isa = XCBuildConfiguration;
			buildSettings = {
				ALWAYS_SEARCH_USER_PATHS = NO;
				CLANG_ANALYZER_NONNULL = YES;
				CLANG_ANALYZER_NUMBER_OBJECT_CONVERSION = YES_AGGRESSIVE;
				CLANG_CXX_LANGUAGE_STANDARD = "gnu++14";
				CLANG_CXX_LIBRARY = "libc++";
				CLANG_ENABLE_MODULES = YES;
				CLANG_ENABLE_OBJC_ARC = YES;
				CLANG_WARN_BLOCK_CAPTURE_AUTORELEASING = YES;
				CLANG_WARN_BOOL_CONVERSION = YES;
				CLANG_WARN_COMMA = YES;
				CLANG_WARN_CONSTANT_CONVERSION = YES;
				CLANG_WARN_DIRECT_OBJC_ISA_USAGE = YES_ERROR;
				CLANG_WARN_DOCUMENTATION_COMMENTS = YES;
				CLANG_WARN_EMPTY_BODY = YES;
				CLANG_WARN_ENUM_CONVERSION = YES;
				CLANG_WARN_INFINITE_RECURSION = YES;
				CLANG_WARN_INT_CONVERSION = YES;
				CLANG_WARN_NON_LITERAL_NULL_CONVERSION = YES;
				CLANG_WARN_OBJC_LITERAL_CONVERSION = YES;
				CLANG_WARN_OBJC_ROOT_CLASS = YES_ERROR;
				CLANG_WARN_RANGE_LOOP_ANALYSIS = YES;
				CLANG_WARN_STRICT_PROTOTYPES = YES;
				CLANG_WARN_SUSPICIOUS_MOVE = YES;
				CLANG_WARN_UNGUARDED_AVAILABILITY = YES_AGGRESSIVE;
				CLANG_WARN_UNREACHABLE_CODE = YES;
				CLANG_WARN__DUPLICATE_METHOD_MATCH = YES;
				CODE_SIGN_IDENTITY = "iPhone Developer";
				COPY_PHASE_STRIP = NO;
				DEBUG_INFORMATION_FORMAT = dwarf;
				ENABLE_STRICT_OBJC_MSGSEND = YES;
				ENABLE_TESTABILITY = YES;
				GCC_C_LANGUAGE_STANDARD = gnu11;
				GCC_DYNAMIC_NO_PIC = NO;
				GCC_NO_COMMON_BLOCKS = YES;
				GCC_OPTIMIZATION_LEVEL = 0;
				GCC_PREPROCESSOR_DEFINITIONS = (
					"DEBUG=1",
					"$(inherited)",
				);
				GCC_WARN_64_TO_32_BIT_CONVERSION = YES;
				GCC_WARN_ABOUT_RETURN_TYPE = YES_ERROR;
				GCC_WARN_UNDECLARED_SELECTOR = YES;
				GCC_WARN_UNINITIALIZED_AUTOS = YES_AGGRESSIVE;
				GCC_WARN_UNUSED_FUNCTION = YES;
				GCC_WARN_UNUSED_VARIABLE = YES;
				IPHONEOS_DEPLOYMENT_TARGET = 11.1;
				MTL_ENABLE_DEBUG_INFO = YES;
				ONLY_ACTIVE_ARCH = YES;
				SDKROOT = iphoneos;
				SWIFT_ACTIVE_COMPILATION_CONDITIONS = DEBUG;
				SWIFT_OPTIMIZATION_LEVEL = "-Onone";
			};
			name = Debug;
		};
		4681A3E51FBB84A000C0B3BD /* Release */ = {
			isa = XCBuildConfiguration;
			buildSettings = {
				ALWAYS_SEARCH_USER_PATHS = NO;
				CLANG_ANALYZER_NONNULL = YES;
				CLANG_ANALYZER_NUMBER_OBJECT_CONVERSION = YES_AGGRESSIVE;
				CLANG_CXX_LANGUAGE_STANDARD = "gnu++14";
				CLANG_CXX_LIBRARY = "libc++";
				CLANG_ENABLE_MODULES = YES;
				CLANG_ENABLE_OBJC_ARC = YES;
				CLANG_WARN_BLOCK_CAPTURE_AUTORELEASING = YES;
				CLANG_WARN_BOOL_CONVERSION = YES;
				CLANG_WARN_COMMA = YES;
				CLANG_WARN_CONSTANT_CONVERSION = YES;
				CLANG_WARN_DIRECT_OBJC_ISA_USAGE = YES_ERROR;
				CLANG_WARN_DOCUMENTATION_COMMENTS = YES;
				CLANG_WARN_EMPTY_BODY = YES;
				CLANG_WARN_ENUM_CONVERSION = YES;
				CLANG_WARN_INFINITE_RECURSION = YES;
				CLANG_WARN_INT_CONVERSION = YES;
				CLANG_WARN_NON_LITERAL_NULL_CONVERSION = YES;
				CLANG_WARN_OBJC_LITERAL_CONVERSION = YES;
				CLANG_WARN_OBJC_ROOT_CLASS = YES_ERROR;
				CLANG_WARN_RANGE_LOOP_ANALYSIS = YES;
				CLANG_WARN_STRICT_PROTOTYPES = YES;
				CLANG_WARN_SUSPICIOUS_MOVE = YES;
				CLANG_WARN_UNGUARDED_AVAILABILITY = YES_AGGRESSIVE;
				CLANG_WARN_UNREACHABLE_CODE = YES;
				CLANG_WARN__DUPLICATE_METHOD_MATCH = YES;
				CODE_SIGN_IDENTITY = "iPhone Developer";
				COPY_PHASE_STRIP = NO;
				DEBUG_INFORMATION_FORMAT = "dwarf-with-dsym";
				ENABLE_NS_ASSERTIONS = NO;
				ENABLE_STRICT_OBJC_MSGSEND = YES;
				GCC_C_LANGUAGE_STANDARD = gnu11;
				GCC_NO_COMMON_BLOCKS = YES;
				GCC_WARN_64_TO_32_BIT_CONVERSION = YES;
				GCC_WARN_ABOUT_RETURN_TYPE = YES_ERROR;
				GCC_WARN_UNDECLARED_SELECTOR = YES;
				GCC_WARN_UNINITIALIZED_AUTOS = YES_AGGRESSIVE;
				GCC_WARN_UNUSED_FUNCTION = YES;
				GCC_WARN_UNUSED_VARIABLE = YES;
				IPHONEOS_DEPLOYMENT_TARGET = 11.1;
				MTL_ENABLE_DEBUG_INFO = NO;
				SDKROOT = iphoneos;
				SWIFT_OPTIMIZATION_LEVEL = "-Owholemodule";
				VALIDATE_PRODUCT = YES;
			};
			name = Release;
		};
		4681A3E71FBB84A000C0B3BD /* Debug */ = {
			isa = XCBuildConfiguration;
			baseConfigurationReference = 3F39D369E805FA4453A60F9F /* Pods-TeamupCal-Example.debug.xcconfig */;
			buildSettings = {
				ASSETCATALOG_COMPILER_APPICON_NAME = AppIcon;
				CODE_SIGN_STYLE = Automatic;
				INFOPLIST_FILE = "TeamupCal-Example/Info.plist";
				LD_RUNPATH_SEARCH_PATHS = "$(inherited) @executable_path/Frameworks";
				PRODUCT_BUNDLE_IDENTIFIER = "com.amrap.TeamupCal-Example";
				PRODUCT_NAME = "$(TARGET_NAME)";
				SWIFT_VERSION = 4.0;
				TARGETED_DEVICE_FAMILY = "1,2";
			};
			name = Debug;
		};
		4681A3E81FBB84A000C0B3BD /* Release */ = {
			isa = XCBuildConfiguration;
			baseConfigurationReference = 82A372A692603C6AFB5E9999 /* Pods-TeamupCal-Example.release.xcconfig */;
			buildSettings = {
				ASSETCATALOG_COMPILER_APPICON_NAME = AppIcon;
				CODE_SIGN_STYLE = Automatic;
				INFOPLIST_FILE = "TeamupCal-Example/Info.plist";
				LD_RUNPATH_SEARCH_PATHS = "$(inherited) @executable_path/Frameworks";
				PRODUCT_BUNDLE_IDENTIFIER = "com.amrap.TeamupCal-Example";
				PRODUCT_NAME = "$(TARGET_NAME)";
				SWIFT_VERSION = 4.0;
				TARGETED_DEVICE_FAMILY = "1,2";
			};
			name = Release;
		};
/* End XCBuildConfiguration section */

/* Begin XCConfigurationList section */
		4681A3CF1FBB84A000C0B3BD /* Build configuration list for PBXProject "TeamupCal-Example" */ = {
			isa = XCConfigurationList;
			buildConfigurations = (
				4681A3E41FBB84A000C0B3BD /* Debug */,
				4681A3E51FBB84A000C0B3BD /* Release */,
			);
			defaultConfigurationIsVisible = 0;
			defaultConfigurationName = Release;
		};
		4681A3E61FBB84A000C0B3BD /* Build configuration list for PBXNativeTarget "TeamupCal-Example" */ = {
			isa = XCConfigurationList;
			buildConfigurations = (
				4681A3E71FBB84A000C0B3BD /* Debug */,
				4681A3E81FBB84A000C0B3BD /* Release */,
			);
			defaultConfigurationIsVisible = 0;
			defaultConfigurationName = Release;
		};
/* End XCConfigurationList section */
	};
	rootObject = 4681A3CC1FBB84A000C0B3BD /* Project object */;
}
